// !$*UTF8*$!
{
	archiveVersion = 1;
	classes = {
	};
	objectVersion = 56;
	objects = {

/* Begin PBXBuildFile section */
		516BE29E2A45D7A100762164 /* WorkLessApp.swift in Sources */ = {isa = PBXBuildFile; fileRef = 516BE29D2A45D7A100762164 /* WorkLessApp.swift */; };
		516BE2A02A45D7A100762164 /* AddActivityView.swift in Sources */ = {isa = PBXBuildFile; fileRef = 516BE29F2A45D7A100762164 /* AddActivityView.swift */; };
		516BE2A22A45D7A100762164 /* Assets.xcassets in Resources */ = {isa = PBXBuildFile; fileRef = 516BE2A12A45D7A100762164 /* Assets.xcassets */; };
		516BE2AC2A45E63600762164 /* DataController.swift in Sources */ = {isa = PBXBuildFile; fileRef = 516BE2AB2A45E63600762164 /* DataController.swift */; };
		516BE2AE2A45E6A400762164 /* Activities.json in Resources */ = {isa = PBXBuildFile; fileRef = 516BE2AD2A45E6A400762164 /* Activities.json */; };
		516BE2B02A45E6AE00762164 /* Bundle-Decodable.swift in Sources */ = {isa = PBXBuildFile; fileRef = 516BE2AF2A45E6AE00762164 /* Bundle-Decodable.swift */; };
		516BE2B22A45E92700762164 /* Ranks.xcassets in Resources */ = {isa = PBXBuildFile; fileRef = 516BE2B12A45E92700762164 /* Ranks.xcassets */; };
		516BE2B42A45EA5800762164 /* ContentView.swift in Sources */ = {isa = PBXBuildFile; fileRef = 516BE2B32A45EA5800762164 /* ContentView.swift */; };
		517FFCB92A45F684003769EE /* RankView.swift in Sources */ = {isa = PBXBuildFile; fileRef = 517FFCB82A45F684003769EE /* RankView.swift */; };
		517FFCD62A4635B0003769EE /* ActivityProgressView.swift in Sources */ = {isa = PBXBuildFile; fileRef = 517FFCD52A4635B0003769EE /* ActivityProgressView.swift */; };
		517FFDB42A48D940003769EE /* AboutView.swift in Sources */ = {isa = PBXBuildFile; fileRef = 517FFDB32A48D940003769EE /* AboutView.swift */; };
/* End PBXBuildFile section */

/* Begin PBXFileReference section */
		516BE29A2A45D7A100762164 /* WorkLess.app */ = {isa = PBXFileReference; explicitFileType = wrapper.application; includeInIndex = 0; path = WorkLess.app; sourceTree = BUILT_PRODUCTS_DIR; };
		516BE29D2A45D7A100762164 /* WorkLessApp.swift */ = {isa = PBXFileReference; lastKnownFileType = sourcecode.swift; path = WorkLessApp.swift; sourceTree = "<group>"; };
		516BE29F2A45D7A100762164 /* AddActivityView.swift */ = {isa = PBXFileReference; lastKnownFileType = sourcecode.swift; path = AddActivityView.swift; sourceTree = "<group>"; };
		516BE2A12A45D7A100762164 /* Assets.xcassets */ = {isa = PBXFileReference; lastKnownFileType = folder.assetcatalog; path = Assets.xcassets; sourceTree = "<group>"; };
		516BE2AB2A45E63600762164 /* DataController.swift */ = {isa = PBXFileReference; lastKnownFileType = sourcecode.swift; path = DataController.swift; sourceTree = "<group>"; };
		516BE2AD2A45E6A400762164 /* Activities.json */ = {isa = PBXFileReference; fileEncoding = 4; lastKnownFileType = text.json; path = Activities.json; sourceTree = "<group>"; };
		516BE2AF2A45E6AE00762164 /* Bundle-Decodable.swift */ = {isa = PBXFileReference; fileEncoding = 4; lastKnownFileType = sourcecode.swift; path = "Bundle-Decodable.swift"; sourceTree = "<group>"; };
		516BE2B12A45E92700762164 /* Ranks.xcassets */ = {isa = PBXFileReference; lastKnownFileType = folder.assetcatalog; path = Ranks.xcassets; sourceTree = "<group>"; };
		516BE2B32A45EA5800762164 /* ContentView.swift */ = {isa = PBXFileReference; lastKnownFileType = sourcecode.swift; path = ContentView.swift; sourceTree = "<group>"; };
		517FFCB82A45F684003769EE /* RankView.swift */ = {isa = PBXFileReference; lastKnownFileType = sourcecode.swift; path = RankView.swift; sourceTree = "<group>"; };
		517FFCD52A4635B0003769EE /* ActivityProgressView.swift */ = {isa = PBXFileReference; lastKnownFileType = sourcecode.swift; path = ActivityProgressView.swift; sourceTree = "<group>"; };
		517FFDB32A48D940003769EE /* AboutView.swift */ = {isa = PBXFileReference; lastKnownFileType = sourcecode.swift; path = AboutView.swift; sourceTree = "<group>"; };
/* End PBXFileReference section */

/* Begin PBXFrameworksBuildPhase section */
		516BE2972A45D7A100762164 /* Frameworks */ = {
			isa = PBXFrameworksBuildPhase;
			buildActionMask = 2147483647;
			files = (
			);
			runOnlyForDeploymentPostprocessing = 0;
		};
/* End PBXFrameworksBuildPhase section */

/* Begin PBXGroup section */
		516BE2912A45D7A100762164 = {
			isa = PBXGroup;
			children = (
				516BE29C2A45D7A100762164 /* WorkLess */,
				516BE29B2A45D7A100762164 /* Products */,
			);
			sourceTree = "<group>";
		};
		516BE29B2A45D7A100762164 /* Products */ = {
			isa = PBXGroup;
			children = (
				516BE29A2A45D7A100762164 /* WorkLess.app */,
			);
			name = Products;
			sourceTree = "<group>";
		};
		516BE29C2A45D7A100762164 /* WorkLess */ = {
			isa = PBXGroup;
			children = (
				516BE29D2A45D7A100762164 /* WorkLessApp.swift */,
				516BE2B32A45EA5800762164 /* ContentView.swift */,
				517FFCB82A45F684003769EE /* RankView.swift */,
				517FFCD52A4635B0003769EE /* ActivityProgressView.swift */,
				516BE29F2A45D7A100762164 /* AddActivityView.swift */,
				517FFDB32A48D940003769EE /* AboutView.swift */,
				516BE2AB2A45E63600762164 /* DataController.swift */,
				516BE2AF2A45E6AE00762164 /* Bundle-Decodable.swift */,
				516BE2AD2A45E6A400762164 /* Activities.json */,
				516BE2A12A45D7A100762164 /* Assets.xcassets */,
				516BE2B12A45E92700762164 /* Ranks.xcassets */,
			);
			path = WorkLess;
			sourceTree = "<group>";
		};
/* End PBXGroup section */

/* Begin PBXNativeTarget section */
		516BE2992A45D7A100762164 /* WorkLess */ = {
			isa = PBXNativeTarget;
			buildConfigurationList = 516BE2A82A45D7A100762164 /* Build configuration list for PBXNativeTarget "WorkLess" */;
			buildPhases = (
				516BE2962A45D7A100762164 /* Sources */,
				516BE2972A45D7A100762164 /* Frameworks */,
				516BE2982A45D7A100762164 /* Resources */,
			);
			buildRules = (
			);
			dependencies = (
			);
			name = WorkLess;
			productName = WorkLess;
			productReference = 516BE29A2A45D7A100762164 /* WorkLess.app */;
			productType = "com.apple.product-type.application";
		};
/* End PBXNativeTarget section */

/* Begin PBXProject section */
		516BE2922A45D7A100762164 /* Project object */ = {
			isa = PBXProject;
			attributes = {
				BuildIndependentTargetsInParallel = 1;
				LastSwiftUpdateCheck = 1500;
				LastUpgradeCheck = 1500;
				TargetAttributes = {
					516BE2992A45D7A100762164 = {
						CreatedOnToolsVersion = 15.0;
					};
				};
			};
			buildConfigurationList = 516BE2952A45D7A100762164 /* Build configuration list for PBXProject "WorkLess" */;
			compatibilityVersion = "Xcode 14.0";
			developmentRegion = en;
			hasScannedForEncodings = 0;
			knownRegions = (
				en,
				Base,
			);
			mainGroup = 516BE2912A45D7A100762164;
			productRefGroup = 516BE29B2A45D7A100762164 /* Products */;
			projectDirPath = "";
			projectRoot = "";
			targets = (
				516BE2992A45D7A100762164 /* WorkLess */,
			);
		};
/* End PBXProject section */

/* Begin PBXResourcesBuildPhase section */
		516BE2982A45D7A100762164 /* Resources */ = {
			isa = PBXResourcesBuildPhase;
			buildActionMask = 2147483647;
			files = (
				516BE2B22A45E92700762164 /* Ranks.xcassets in Resources */,
				516BE2A22A45D7A100762164 /* Assets.xcassets in Resources */,
				516BE2AE2A45E6A400762164 /* Activities.json in Resources */,
			);
			runOnlyForDeploymentPostprocessing = 0;
		};
/* End PBXResourcesBuildPhase section */

/* Begin PBXSourcesBuildPhase section */
		516BE2962A45D7A100762164 /* Sources */ = {
			isa = PBXSourcesBuildPhase;
			buildActionMask = 2147483647;
			files = (
				516BE2A02A45D7A100762164 /* AddActivityView.swift in Sources */,
				516BE2B42A45EA5800762164 /* ContentView.swift in Sources */,
				516BE2AC2A45E63600762164 /* DataController.swift in Sources */,
				516BE29E2A45D7A100762164 /* WorkLessApp.swift in Sources */,
				517FFCD62A4635B0003769EE /* ActivityProgressView.swift in Sources */,
				517FFDB42A48D940003769EE /* AboutView.swift in Sources */,
				517FFCB92A45F684003769EE /* RankView.swift in Sources */,
				516BE2B02A45E6AE00762164 /* Bundle-Decodable.swift in Sources */,
			);
			runOnlyForDeploymentPostprocessing = 0;
		};
/* End PBXSourcesBuildPhase section */

/* Begin XCBuildConfiguration section */
		516BE2A62A45D7A100762164 /* Debug */ = {
			isa = XCBuildConfiguration;
			buildSettings = {
				ALWAYS_SEARCH_USER_PATHS = NO;
				ASSETCATALOG_COMPILER_GENERATE_SWIFT_ASSET_SYMBOL_EXTENSIONS = YES;
				CLANG_ANALYZER_NONNULL = YES;
				CLANG_ANALYZER_NUMBER_OBJECT_CONVERSION = YES_AGGRESSIVE;
				CLANG_CXX_LANGUAGE_STANDARD = "gnu++20";
				CLANG_ENABLE_MODULES = YES;
				CLANG_ENABLE_OBJC_ARC = YES;
				CLANG_ENABLE_OBJC_WEAK = YES;
				CLANG_WARN_BLOCK_CAPTURE_AUTORELEASING = YES;
				CLANG_WARN_BOOL_CONVERSION = YES;
				CLANG_WARN_COMMA = YES;
				CLANG_WARN_CONSTANT_CONVERSION = YES;
				CLANG_WARN_DEPRECATED_OBJC_IMPLEMENTATIONS = YES;
				CLANG_WARN_DIRECT_OBJC_ISA_USAGE = YES_ERROR;
				CLANG_WARN_DOCUMENTATION_COMMENTS = YES;
				CLANG_WARN_EMPTY_BODY = YES;
				CLANG_WARN_ENUM_CONVERSION = YES;
				CLANG_WARN_INFINITE_RECURSION = YES;
				CLANG_WARN_INT_CONVERSION = YES;
				CLANG_WARN_NON_LITERAL_NULL_CONVERSION = YES;
				CLANG_WARN_OBJC_IMPLICIT_RETAIN_SELF = YES;
				CLANG_WARN_OBJC_LITERAL_CONVERSION = YES;
				CLANG_WARN_OBJC_ROOT_CLASS = YES_ERROR;
				CLANG_WARN_QUOTED_INCLUDE_IN_FRAMEWORK_HEADER = YES;
				CLANG_WARN_RANGE_LOOP_ANALYSIS = YES;
				CLANG_WARN_STRICT_PROTOTYPES = YES;
				CLANG_WARN_SUSPICIOUS_MOVE = YES;
				CLANG_WARN_UNGUARDED_AVAILABILITY = YES_AGGRESSIVE;
				CLANG_WARN_UNREACHABLE_CODE = YES;
				CLANG_WARN__DUPLICATE_METHOD_MATCH = YES;
				COPY_PHASE_STRIP = NO;
				DEBUG_INFORMATION_FORMAT = dwarf;
				ENABLE_STRICT_OBJC_MSGSEND = YES;
				ENABLE_TESTABILITY = YES;
				ENABLE_USER_SCRIPT_SANDBOXING = YES;
				GCC_C_LANGUAGE_STANDARD = gnu17;
				GCC_DYNAMIC_NO_PIC = NO;
				GCC_NO_COMMON_BLOCKS = YES;
				GCC_OPTIMIZATION_LEVEL = 0;
				GCC_PREPROCESSOR_DEFINITIONS = (
					"DEBUG=1",
					"$(inherited)",
				);
				GCC_WARN_64_TO_32_BIT_CONVERSION = YES;
				GCC_WARN_ABOUT_RETURN_TYPE = YES_ERROR;
				GCC_WARN_UNDECLARED_SELECTOR = YES;
				GCC_WARN_UNINITIALIZED_AUTOS = YES_AGGRESSIVE;
				GCC_WARN_UNUSED_FUNCTION = YES;
				GCC_WARN_UNUSED_VARIABLE = YES;
				IPHONEOS_DEPLOYMENT_TARGET = 17.0;
				LOCALIZATION_PREFERS_STRING_CATALOGS = YES;
				MTL_ENABLE_DEBUG_INFO = INCLUDE_SOURCE;
				MTL_FAST_MATH = YES;
				ONLY_ACTIVE_ARCH = YES;
				SDKROOT = iphoneos;
				SWIFT_ACTIVE_COMPILATION_CONDITIONS = "DEBUG $(inherited)";
				SWIFT_OPTIMIZATION_LEVEL = "-Onone";
			};
			name = Debug;
		};
		516BE2A72A45D7A100762164 /* Release */ = {
			isa = XCBuildConfiguration;
			buildSettings = {
				ALWAYS_SEARCH_USER_PATHS = NO;
				ASSETCATALOG_COMPILER_GENERATE_SWIFT_ASSET_SYMBOL_EXTENSIONS = YES;
				CLANG_ANALYZER_NONNULL = YES;
				CLANG_ANALYZER_NUMBER_OBJECT_CONVERSION = YES_AGGRESSIVE;
				CLANG_CXX_LANGUAGE_STANDARD = "gnu++20";
				CLANG_ENABLE_MODULES = YES;
				CLANG_ENABLE_OBJC_ARC = YES;
				CLANG_ENABLE_OBJC_WEAK = YES;
				CLANG_WARN_BLOCK_CAPTURE_AUTORELEASING = YES;
				CLANG_WARN_BOOL_CONVERSION = YES;
				CLANG_WARN_COMMA = YES;
				CLANG_WARN_CONSTANT_CONVERSION = YES;
				CLANG_WARN_DEPRECATED_OBJC_IMPLEMENTATIONS = YES;
				CLANG_WARN_DIRECT_OBJC_ISA_USAGE = YES_ERROR;
				CLANG_WARN_DOCUMENTATION_COMMENTS = YES;
				CLANG_WARN_EMPTY_BODY = YES;
				CLANG_WARN_ENUM_CONVERSION = YES;
				CLANG_WARN_INFINITE_RECURSION = YES;
				CLANG_WARN_INT_CONVERSION = YES;
				CLANG_WARN_NON_LITERAL_NULL_CONVERSION = YES;
				CLANG_WARN_OBJC_IMPLICIT_RETAIN_SELF = YES;
				CLANG_WARN_OBJC_LITERAL_CONVERSION = YES;
				CLANG_WARN_OBJC_ROOT_CLASS = YES_ERROR;
				CLANG_WARN_QUOTED_INCLUDE_IN_FRAMEWORK_HEADER = YES;
				CLANG_WARN_RANGE_LOOP_ANALYSIS = YES;
				CLANG_WARN_STRICT_PROTOTYPES = YES;
				CLANG_WARN_SUSPICIOUS_MOVE = YES;
				CLANG_WARN_UNGUARDED_AVAILABILITY = YES_AGGRESSIVE;
				CLANG_WARN_UNREACHABLE_CODE = YES;
				CLANG_WARN__DUPLICATE_METHOD_MATCH = YES;
				COPY_PHASE_STRIP = NO;
				DEBUG_INFORMATION_FORMAT = "dwarf-with-dsym";
				ENABLE_NS_ASSERTIONS = NO;
				ENABLE_STRICT_OBJC_MSGSEND = YES;
				ENABLE_USER_SCRIPT_SANDBOXING = YES;
				GCC_C_LANGUAGE_STANDARD = gnu17;
				GCC_NO_COMMON_BLOCKS = YES;
				GCC_WARN_64_TO_32_BIT_CONVERSION = YES;
				GCC_WARN_ABOUT_RETURN_TYPE = YES_ERROR;
				GCC_WARN_UNDECLARED_SELECTOR = YES;
				GCC_WARN_UNINITIALIZED_AUTOS = YES_AGGRESSIVE;
				GCC_WARN_UNUSED_FUNCTION = YES;
				GCC_WARN_UNUSED_VARIABLE = YES;
				IPHONEOS_DEPLOYMENT_TARGET = 17.0;
				LOCALIZATION_PREFERS_STRING_CATALOGS = YES;
				MTL_ENABLE_DEBUG_INFO = NO;
				MTL_FAST_MATH = YES;
				SDKROOT = iphoneos;
				SWIFT_COMPILATION_MODE = wholemodule;
				VALIDATE_PRODUCT = YES;
			};
			name = Release;
		};
		516BE2A92A45D7A100762164 /* Debug */ = {
			isa = XCBuildConfiguration;
			buildSettings = {
				ASSETCATALOG_COMPILER_APPICON_NAME = AppIcon;
				ASSETCATALOG_COMPILER_GLOBAL_ACCENT_COLOR_NAME = AccentColor;
				CODE_SIGN_STYLE = Automatic;
				CURRENT_PROJECT_VERSION = 1;
				DEVELOPMENT_TEAM = VT7XTNRJ46;
				ENABLE_PREVIEWS = YES;
				GENERATE_INFOPLIST_FILE = YES;
				INFOPLIST_KEY_UIApplicationSceneManifest_Generation = YES;
				INFOPLIST_KEY_UIApplicationSupportsIndirectInputEvents = YES;
				INFOPLIST_KEY_UILaunchScreen_Generation = YES;
				INFOPLIST_KEY_UISupportedInterfaceOrientations_iPad = "UIInterfaceOrientationPortrait UIInterfaceOrientationPortraitUpsideDown UIInterfaceOrientationLandscapeLeft UIInterfaceOrientationLandscapeRight";
				INFOPLIST_KEY_UISupportedInterfaceOrientations_iPhone = "UIInterfaceOrientationPortrait UIInterfaceOrientationLandscapeLeft UIInterfaceOrientationLandscapeRight";
				LD_RUNPATH_SEARCH_PATHS = (
					"$(inherited)",
					"@executable_path/Frameworks",
				);
				MARKETING_VERSION = 1.0;
				PRODUCT_BUNDLE_IDENTIFIER = com.nextstepbt.WorkLess;
				PRODUCT_NAME = "$(TARGET_NAME)";
				SWIFT_EMIT_LOC_STRINGS = YES;
				SWIFT_VERSION = 5.0;
				TARGETED_DEVICE_FAMILY = "1,2";
			};
			name = Debug;
		};
		516BE2AA2A45D7A100762164 /* Release */ = {
			isa = XCBuildConfiguration;
			buildSettings = {
				ASSETCATALOG_COMPILER_APPICON_NAME = AppIcon;
				ASSETCATALOG_COMPILER_GLOBAL_ACCENT_COLOR_NAME = AccentColor;
				CODE_SIGN_STYLE = Automatic;
				CURRENT_PROJECT_VERSION = 1;
				DEVELOPMENT_TEAM = VT7XTNRJ46;
				ENABLE_PREVIEWS = YES;
				GENERATE_INFOPLIST_FILE = YES;
				INFOPLIST_KEY_UIApplicationSceneManifest_Generation = YES;
				INFOPLIST_KEY_UIApplicationSupportsIndirectInputEvents = YES;
				INFOPLIST_KEY_UILaunchScreen_Generation = YES;
				INFOPLIST_KEY_UISupportedInterfaceOrientations_iPad = "UIInterfaceOrientationPortrait UIInterfaceOrientationPortraitUpsideDown UIInterfaceOrientationLandscapeLeft UIInterfaceOrientationLandscapeRight";
				INFOPLIST_KEY_UISupportedInterfaceOrientations_iPhone = "UIInterfaceOrientationPortrait UIInterfaceOrientationLandscapeLeft UIInterfaceOrientationLandscapeRight";
				LD_RUNPATH_SEARCH_PATHS = (
					"$(inherited)",
					"@executable_path/Frameworks",
				);
				MARKETING_VERSION = 1.0;
				PRODUCT_BUNDLE_IDENTIFIER = com.nextstepbt.WorkLess;
				PRODUCT_NAME = "$(TARGET_NAME)";
				SWIFT_EMIT_LOC_STRINGS = YES;
				SWIFT_VERSION = 5.0;
				TARGETED_DEVICE_FAMILY = "1,2";
			};
			name = Release;
		};
/* End XCBuildConfiguration section */

/* Begin XCConfigurationList section */
		516BE2952A45D7A100762164 /* Build configuration list for PBXProject "WorkLess" */ = {
			isa = XCConfigurationList;
			buildConfigurations = (
				516BE2A62A45D7A100762164 /* Debug */,
				516BE2A72A45D7A100762164 /* Release */,
			);
			defaultConfigurationIsVisible = 0;
			defaultConfigurationName = Release;
		};
		516BE2A82A45D7A100762164 /* Build configuration list for PBXNativeTarget "WorkLess" */ = {
			isa = XCConfigurationList;
			buildConfigurations = (
				516BE2A92A45D7A100762164 /* Debug */,
				516BE2AA2A45D7A100762164 /* Release */,
			);
			defaultConfigurationIsVisible = 0;
			defaultConfigurationName = Release;
		};
/* End XCConfigurationList section */
	};
	rootObject = 516BE2922A45D7A100762164 /* Project object */;
}
